
Microsoft Visual Studio Solution File, Format Version 12.00
# Visual Studio Version 17
VisualStudioVersion = 17.2.32616.157
MinimumVisualStudioVersion = 10.0.40219.1
Project("{9A19103F-16F7-4668-BE54-9A1E7A4F7556}") = "HospitalAppointmentSystem", "HospitalAppointmentSystem\HospitalAppointmentSystem.csproj", "{E1C92115-1790-4C8E-98F9-0856F353F5C6}"
EndProject
Global
	GlobalSection(SolutionConfigurationPlatforms) = preSolution
		Debug|Any CPU = Debug|Any CPU
		Release|Any CPU = Release|Any CPU
	EndGlobalSection
	GlobalSection(ProjectConfigurationPlatforms) = postSolution
		{E1C92115-1790-4C8E-98F9-0856F353F5C6}.Debug|Any CPU.ActiveCfg = Debug|Any CPU
		{E1C92115-1790-4C8E-98F9-0856F353F5C6}.Debug|Any CPU.Build.0 = Debug|Any CPU
		{E1C92115-1790-4C8E-98F9-0856F353F5C6}.Release|Any CPU.ActiveCfg = Release|Any CPU
		{E1C92115-1790-4C8E-98F9-0856F353F5C6}.Release|Any CPU.Build.0 = Release|Any CPU
	EndGlobalSection
	GlobalSection(SolutionProperties) = preSolution
		HideSolutionNode = FALSE
	EndGlobalSection
	GlobalSection(ExtensibilityGlobals) = postSolution
		SolutionGuid = {F4144FFD-9F1B-483D-8071-5F661CDCB6C1}
	EndGlobalSection
EndGlobal
